
Microsoft Visual Studio Solution File, Format Version 12.00
# Visual Studio Version 17
VisualStudioVersion = 17.12.35527.113
MinimumVisualStudioVersion = 10.0.40219.1
Project("{8BC9CEB8-8B4A-11D0-8D11-00A0C91BC942}") = "HelloSoftUni", "CppBasics\CppBasics.vcxproj", "{A0DE06FB-79EB-4D0C-AE11-00B4D85EE244}"
EndProject
Project("{8BC9CEB8-8B4A-11D0-8D11-00A0C91BC942}") = "Numbers1To10", "Numbers1To10\Numbers1To10.vcxproj", "{16E61B31-CC18-4652-A9AB-AFCE9CE62AB7}"
EndProject
Project("{8BC9CEB8-8B4A-11D0-8D11-00A0C91BC942}") = "RectangleArea", "TriangleArea\TriangleArea.vcxproj", "{D7DFE4B3-9386-465B-AA52-09C8505DB383}"
EndProject
Project("{8BC9CEB8-8B4A-11D0-8D11-00A0C91BC942}") = "ConverterInchToCm", "ConverterInchToCm\ConverterInchToCm.vcxproj", "{1A8F173B-2EB8-430B-B052-C19AD38EEEBA}"
EndProject
Project("{8BC9CEB8-8B4A-11D0-8D11-00A0C91BC942}") = "GreetingByName", "GreetingByName\GreetingByName.vcxproj", "{98EB07F3-F342-4A09-AE63-371EBE2DDD8E}"
EndProject
Project("{8BC9CEB8-8B4A-11D0-8D11-00A0C91BC942}") = "Concatenation", "Concatenation\Concatenation.vcxproj", "{947A4334-EEFB-4AD9-B279-DFB7FAA82977}"
EndProject
Project("{8BC9CEB8-8B4A-11D0-8D11-00A0C91BC942}") = "ProjectCreation", "ProjectCreation\ProjectCreation.vcxproj", "{C194B4B1-1624-4601-9CEF-DF962ECADB50}"
EndProject
Project("{8BC9CEB8-8B4A-11D0-8D11-00A0C91BC942}") = "PetShop", "PetShop\PetShop.vcxproj", "{D1C92663-D0E6-4FDB-AC2E-16E24A49D8CC}"
EndProject
Project("{8BC9CEB8-8B4A-11D0-8D11-00A0C91BC942}") = "YardGreening", "YardGreening\YardGreening.vcxproj", "{1A43922D-8DE6-4593-8DE8-49744BBE34CF}"
EndProject
Project("{8BC9CEB8-8B4A-11D0-8D11-00A0C91BC942}") = "USDToBGN", "SumSeconds\SumSeconds.vcxproj", "{D5F2FA1C-C838-4CB8-A931-E0A02E91B91A}"
EndProject
Project("{8BC9CEB8-8B4A-11D0-8D11-00A0C91BC942}") = "RadiansToDegrees", "RadiansToDegrees\RadiansToDegrees.vcxproj", "{A9DBCD10-1A27-4BDD-B1EC-B35C93169324}"
EndProject
Project("{8BC9CEB8-8B4A-11D0-8D11-00A0C91BC942}") = "DepositCalculator", "DepositCalculator\DepositCalculator.vcxproj", "{BE86B838-F616-4E07-9FA7-2083E63FCC8B}"
EndProject
Project("{8BC9CEB8-8B4A-11D0-8D11-00A0C91BC942}") = "Aquarium", "Aquarium\Aquarium.vcxproj", "{BF0724EE-92C7-4C2D-A658-387C78FC5DE0}"
EndProject
Project("{8BC9CEB8-8B4A-11D0-8D11-00A0C91BC942}") = "SpeedInfo", "SpeedInfo\SpeedInfo.vcxproj", "{F22A5C59-2122-4B58-8B0B-FF83E8CF9F86}"
EndProject
Project("{8BC9CEB8-8B4A-11D0-8D11-00A0C91BC942}") = "AreaOfFigures", "AreaOfFigures\AreaOfFigures.vcxproj", "{1BB605DA-A3E2-4E59-A96F-5597CBF05DF8}"
EndProject
Project("{8BC9CEB8-8B4A-11D0-8D11-00A0C91BC942}") = "OnTimeForExam", "OnTimeForExam\OnTimeForExam.vcxproj", "{2EEBE7D1-EC84-4424-9E56-F48A260E2D62}"
EndProject
Project("{8BC9CEB8-8B4A-11D0-8D11-00A0C91BC942}") = "PowersOf2", "PowersOf2\PowersOf2.vcxproj", "{3CE684C2-FACB-4CD7-9EE8-76D6AE41A6BB}"
EndProject
Project("{8BC9CEB8-8B4A-11D0-8D11-00A0C91BC942}") = "CharSequence", "CharSequence\CharSequence.vcxproj", "{BFF0EFB5-0B68-40F5-AEA5-EFE6F9FD3C5F}"
EndProject
Project("{8BC9CEB8-8B4A-11D0-8D11-00A0C91BC942}") = "SumNumbers", "SumNumbers\SumNumbers.vcxproj", "{38EBF0AF-A011-4D4C-AD7E-8825ADBF2398}"
EndProject
Project("{8BC9CEB8-8B4A-11D0-8D11-00A0C91BC942}") = "MinMaxNumber", "MinMaxNumber\MinMaxNumber.vcxproj", "{ABA0B152-A17B-4D5D-BA8C-BFBB4DB06741}"
EndProject
Project("{8BC9CEB8-8B4A-11D0-8D11-00A0C91BC942}") = "LeftRightSum", "LeftRightSum\LeftRightSum.vcxproj", "{10BACF1A-F824-44BF-B257-A241C66690BC}"
EndProject
Project("{8BC9CEB8-8B4A-11D0-8D11-00A0C91BC942}") = "HalfSumElement", "HalfSumElement\HalfSumElement.vcxproj", "{8E9344FB-BCFE-4C99-9515-EC8338F146EB}"
EndProject
Project("{8BC9CEB8-8B4A-11D0-8D11-00A0C91BC942}") = "Histogram", "Histogram\Histogram.vcxproj", "{5DA53B3E-8FB5-46D4-B519-949CA076575B}"
EndProject
Project("{8BC9CEB8-8B4A-11D0-8D11-00A0C91BC942}") = "ReadLines", "ReadLines\ReadLines.vcxproj", "{BF09A0C6-4D67-4C3F-9EC2-400D1432E8D7}"
EndProject
Project("{8BC9CEB8-8B4A-11D0-8D11-00A0C91BC942}") = "Graduation", "Graduation\Graduation.vcxproj", "{511FCA6F-974D-45CA-A2F3-9F5496084FA3}"
EndProject
Project("{8BC9CEB8-8B4A-11D0-8D11-00A0C91BC942}") = "OldLibrary", "OldLibrary\OldLibrary.vcxproj", "{19F7F490-0FF9-4472-AD92-C2DFA3C9CEED}"
EndProject
Project("{8BC9CEB8-8B4A-11D0-8D11-00A0C91BC942}") = "Ex1_MovieProfits", "Ex1_MovieProfits\Ex1_MovieProfits.vcxproj", "{C34D9109-9E8E-4296-8B2F-BE6FA4811C29}"
EndProject
Project("{8BC9CEB8-8B4A-11D0-8D11-00A0C91BC942}") = "Ex2_MovieDay", "Ex2_MovieDay\Ex2_MovieDay.vcxproj", "{B9C7A04F-9D84-4FEB-A1DB-BE7D37F2C9EB}"
EndProject
Project("{8BC9CEB8-8B4A-11D0-8D11-00A0C91BC942}") = "Ex3_FilmPremiere", "Ex3_FilmPremiere\Ex3_FilmPremiere.vcxproj", "{6353D3D5-A51E-4253-BBB4-0E8A45AC3324}"
EndProject
Project("{8BC9CEB8-8B4A-11D0-8D11-00A0C91BC942}") = "Ex4_Cinema", "Ex4_Cinema\Ex4_Cinema.vcxproj", "{2A224026-AD16-4B50-94DF-6E932E7C4966}"
EndProject
Project("{8BC9CEB8-8B4A-11D0-8D11-00A0C91BC942}") = "Ex5_Series", "Ex5_Series\Ex5_Series.vcxproj", "{E58ECC26-E23D-4FFF-8CB9-87BB471CDBF8}"
EndProject
Project("{8BC9CEB8-8B4A-11D0-8D11-00A0C91BC942}") = "Ex6_FavoriteMovie", "Ex6_FavoriteMovie\Ex6_FavoriteMovie.vcxproj", "{40228775-7C6B-4A77-B407-32FD4C04EA58}"
EndProject
Global
	GlobalSection(SolutionConfigurationPlatforms) = preSolution
		Debug|x64 = Debug|x64
		Debug|x86 = Debug|x86
		Release|x64 = Release|x64
		Release|x86 = Release|x86
	EndGlobalSection
	GlobalSection(ProjectConfigurationPlatforms) = postSolution
		{A0DE06FB-79EB-4D0C-AE11-00B4D85EE244}.Debug|x64.ActiveCfg = Debug|x64
		{A0DE06FB-79EB-4D0C-AE11-00B4D85EE244}.Debug|x64.Build.0 = Debug|x64
		{A0DE06FB-79EB-4D0C-AE11-00B4D85EE244}.Debug|x86.ActiveCfg = Debug|Win32
		{A0DE06FB-79EB-4D0C-AE11-00B4D85EE244}.Debug|x86.Build.0 = Debug|Win32
		{A0DE06FB-79EB-4D0C-AE11-00B4D85EE244}.Release|x64.ActiveCfg = Release|x64
		{A0DE06FB-79EB-4D0C-AE11-00B4D85EE244}.Release|x64.Build.0 = Release|x64
		{A0DE06FB-79EB-4D0C-AE11-00B4D85EE244}.Release|x86.ActiveCfg = Release|Win32
		{A0DE06FB-79EB-4D0C-AE11-00B4D85EE244}.Release|x86.Build.0 = Release|Win32
		{16E61B31-CC18-4652-A9AB-AFCE9CE62AB7}.Debug|x64.ActiveCfg = Debug|x64
		{16E61B31-CC18-4652-A9AB-AFCE9CE62AB7}.Debug|x64.Build.0 = Debug|x64
		{16E61B31-CC18-4652-A9AB-AFCE9CE62AB7}.Debug|x86.ActiveCfg = Debug|Win32
		{16E61B31-CC18-4652-A9AB-AFCE9CE62AB7}.Debug|x86.Build.0 = Debug|Win32
		{16E61B31-CC18-4652-A9AB-AFCE9CE62AB7}.Release|x64.ActiveCfg = Release|x64
		{16E61B31-CC18-4652-A9AB-AFCE9CE62AB7}.Release|x64.Build.0 = Release|x64
		{16E61B31-CC18-4652-A9AB-AFCE9CE62AB7}.Release|x86.ActiveCfg = Release|Win32
		{16E61B31-CC18-4652-A9AB-AFCE9CE62AB7}.Release|x86.Build.0 = Release|Win32
		{D7DFE4B3-9386-465B-AA52-09C8505DB383}.Debug|x64.ActiveCfg = Debug|x64
		{D7DFE4B3-9386-465B-AA52-09C8505DB383}.Debug|x64.Build.0 = Debug|x64
		{D7DFE4B3-9386-465B-AA52-09C8505DB383}.Debug|x86.ActiveCfg = Debug|Win32
		{D7DFE4B3-9386-465B-AA52-09C8505DB383}.Debug|x86.Build.0 = Debug|Win32
		{D7DFE4B3-9386-465B-AA52-09C8505DB383}.Release|x64.ActiveCfg = Release|x64
		{D7DFE4B3-9386-465B-AA52-09C8505DB383}.Release|x64.Build.0 = Release|x64
		{D7DFE4B3-9386-465B-AA52-09C8505DB383}.Release|x86.ActiveCfg = Release|Win32
		{D7DFE4B3-9386-465B-AA52-09C8505DB383}.Release|x86.Build.0 = Release|Win32
		{1A8F173B-2EB8-430B-B052-C19AD38EEEBA}.Debug|x64.ActiveCfg = Debug|x64
		{1A8F173B-2EB8-430B-B052-C19AD38EEEBA}.Debug|x64.Build.0 = Debug|x64
		{1A8F173B-2EB8-430B-B052-C19AD38EEEBA}.Debug|x86.ActiveCfg = Debug|Win32
		{1A8F173B-2EB8-430B-B052-C19AD38EEEBA}.Debug|x86.Build.0 = Debug|Win32
		{1A8F173B-2EB8-430B-B052-C19AD38EEEBA}.Release|x64.ActiveCfg = Release|x64
		{1A8F173B-2EB8-430B-B052-C19AD38EEEBA}.Release|x64.Build.0 = Release|x64
		{1A8F173B-2EB8-430B-B052-C19AD38EEEBA}.Release|x86.ActiveCfg = Release|Win32
		{1A8F173B-2EB8-430B-B052-C19AD38EEEBA}.Release|x86.Build.0 = Release|Win32
		{98EB07F3-F342-4A09-AE63-371EBE2DDD8E}.Debug|x64.ActiveCfg = Debug|x64
		{98EB07F3-F342-4A09-AE63-371EBE2DDD8E}.Debug|x64.Build.0 = Debug|x64
		{98EB07F3-F342-4A09-AE63-371EBE2DDD8E}.Debug|x86.ActiveCfg = Debug|Win32
		{98EB07F3-F342-4A09-AE63-371EBE2DDD8E}.Debug|x86.Build.0 = Debug|Win32
		{98EB07F3-F342-4A09-AE63-371EBE2DDD8E}.Release|x64.ActiveCfg = Release|x64
		{98EB07F3-F342-4A09-AE63-371EBE2DDD8E}.Release|x64.Build.0 = Release|x64
		{98EB07F3-F342-4A09-AE63-371EBE2DDD8E}.Release|x86.ActiveCfg = Release|Win32
		{98EB07F3-F342-4A09-AE63-371EBE2DDD8E}.Release|x86.Build.0 = Release|Win32
		{947A4334-EEFB-4AD9-B279-DFB7FAA82977}.Debug|x64.ActiveCfg = Debug|x64
		{947A4334-EEFB-4AD9-B279-DFB7FAA82977}.Debug|x64.Build.0 = Debug|x64
		{947A4334-EEFB-4AD9-B279-DFB7FAA82977}.Debug|x86.ActiveCfg = Debug|Win32
		{947A4334-EEFB-4AD9-B279-DFB7FAA82977}.Debug|x86.Build.0 = Debug|Win32
		{947A4334-EEFB-4AD9-B279-DFB7FAA82977}.Release|x64.ActiveCfg = Release|x64
		{947A4334-EEFB-4AD9-B279-DFB7FAA82977}.Release|x64.Build.0 = Release|x64
		{947A4334-EEFB-4AD9-B279-DFB7FAA82977}.Release|x86.ActiveCfg = Release|Win32
		{947A4334-EEFB-4AD9-B279-DFB7FAA82977}.Release|x86.Build.0 = Release|Win32
		{C194B4B1-1624-4601-9CEF-DF962ECADB50}.Debug|x64.ActiveCfg = Debug|x64
		{C194B4B1-1624-4601-9CEF-DF962ECADB50}.Debug|x64.Build.0 = Debug|x64
		{C194B4B1-1624-4601-9CEF-DF962ECADB50}.Debug|x86.ActiveCfg = Debug|Win32
		{C194B4B1-1624-4601-9CEF-DF962ECADB50}.Debug|x86.Build.0 = Debug|Win32
		{C194B4B1-1624-4601-9CEF-DF962ECADB50}.Release|x64.ActiveCfg = Release|x64
		{C194B4B1-1624-4601-9CEF-DF962ECADB50}.Release|x64.Build.0 = Release|x64
		{C194B4B1-1624-4601-9CEF-DF962ECADB50}.Release|x86.ActiveCfg = Release|Win32
		{C194B4B1-1624-4601-9CEF-DF962ECADB50}.Release|x86.Build.0 = Release|Win32
		{D1C92663-D0E6-4FDB-AC2E-16E24A49D8CC}.Debug|x64.ActiveCfg = Debug|x64
		{D1C92663-D0E6-4FDB-AC2E-16E24A49D8CC}.Debug|x64.Build.0 = Debug|x64
		{D1C92663-D0E6-4FDB-AC2E-16E24A49D8CC}.Debug|x86.ActiveCfg = Debug|Win32
		{D1C92663-D0E6-4FDB-AC2E-16E24A49D8CC}.Debug|x86.Build.0 = Debug|Win32
		{D1C92663-D0E6-4FDB-AC2E-16E24A49D8CC}.Release|x64.ActiveCfg = Release|x64
		{D1C92663-D0E6-4FDB-AC2E-16E24A49D8CC}.Release|x64.Build.0 = Release|x64
		{D1C92663-D0E6-4FDB-AC2E-16E24A49D8CC}.Release|x86.ActiveCfg = Release|Win32
		{D1C92663-D0E6-4FDB-AC2E-16E24A49D8CC}.Release|x86.Build.0 = Release|Win32
		{1A43922D-8DE6-4593-8DE8-49744BBE34CF}.Debug|x64.ActiveCfg = Debug|x64
		{1A43922D-8DE6-4593-8DE8-49744BBE34CF}.Debug|x64.Build.0 = Debug|x64
		{1A43922D-8DE6-4593-8DE8-49744BBE34CF}.Debug|x86.ActiveCfg = Debug|Win32
		{1A43922D-8DE6-4593-8DE8-49744BBE34CF}.Debug|x86.Build.0 = Debug|Win32
		{1A43922D-8DE6-4593-8DE8-49744BBE34CF}.Release|x64.ActiveCfg = Release|x64
		{1A43922D-8DE6-4593-8DE8-49744BBE34CF}.Release|x64.Build.0 = Release|x64
		{1A43922D-8DE6-4593-8DE8-49744BBE34CF}.Release|x86.ActiveCfg = Release|Win32
		{1A43922D-8DE6-4593-8DE8-49744BBE34CF}.Release|x86.Build.0 = Release|Win32
		{D5F2FA1C-C838-4CB8-A931-E0A02E91B91A}.Debug|x64.ActiveCfg = Debug|x64
		{D5F2FA1C-C838-4CB8-A931-E0A02E91B91A}.Debug|x64.Build.0 = Debug|x64
		{D5F2FA1C-C838-4CB8-A931-E0A02E91B91A}.Debug|x86.ActiveCfg = Debug|Win32
		{D5F2FA1C-C838-4CB8-A931-E0A02E91B91A}.Debug|x86.Build.0 = Debug|Win32
		{D5F2FA1C-C838-4CB8-A931-E0A02E91B91A}.Release|x64.ActiveCfg = Release|x64
		{D5F2FA1C-C838-4CB8-A931-E0A02E91B91A}.Release|x64.Build.0 = Release|x64
		{D5F2FA1C-C838-4CB8-A931-E0A02E91B91A}.Release|x86.ActiveCfg = Release|Win32
		{D5F2FA1C-C838-4CB8-A931-E0A02E91B91A}.Release|x86.Build.0 = Release|Win32
		{A9DBCD10-1A27-4BDD-B1EC-B35C93169324}.Debug|x64.ActiveCfg = Debug|x64
		{A9DBCD10-1A27-4BDD-B1EC-B35C93169324}.Debug|x64.Build.0 = Debug|x64
		{A9DBCD10-1A27-4BDD-B1EC-B35C93169324}.Debug|x86.ActiveCfg = Debug|Win32
		{A9DBCD10-1A27-4BDD-B1EC-B35C93169324}.Debug|x86.Build.0 = Debug|Win32
		{A9DBCD10-1A27-4BDD-B1EC-B35C93169324}.Release|x64.ActiveCfg = Release|x64
		{A9DBCD10-1A27-4BDD-B1EC-B35C93169324}.Release|x64.Build.0 = Release|x64
		{A9DBCD10-1A27-4BDD-B1EC-B35C93169324}.Release|x86.ActiveCfg = Release|Win32
		{A9DBCD10-1A27-4BDD-B1EC-B35C93169324}.Release|x86.Build.0 = Release|Win32
		{BE86B838-F616-4E07-9FA7-2083E63FCC8B}.Debug|x64.ActiveCfg = Debug|x64
		{BE86B838-F616-4E07-9FA7-2083E63FCC8B}.Debug|x64.Build.0 = Debug|x64
		{BE86B838-F616-4E07-9FA7-2083E63FCC8B}.Debug|x86.ActiveCfg = Debug|Win32
		{BE86B838-F616-4E07-9FA7-2083E63FCC8B}.Debug|x86.Build.0 = Debug|Win32
		{BE86B838-F616-4E07-9FA7-2083E63FCC8B}.Release|x64.ActiveCfg = Release|x64
		{BE86B838-F616-4E07-9FA7-2083E63FCC8B}.Release|x64.Build.0 = Release|x64
		{BE86B838-F616-4E07-9FA7-2083E63FCC8B}.Release|x86.ActiveCfg = Release|Win32
		{BE86B838-F616-4E07-9FA7-2083E63FCC8B}.Release|x86.Build.0 = Release|Win32
		{BF0724EE-92C7-4C2D-A658-387C78FC5DE0}.Debug|x64.ActiveCfg = Debug|x64
		{BF0724EE-92C7-4C2D-A658-387C78FC5DE0}.Debug|x64.Build.0 = Debug|x64
		{BF0724EE-92C7-4C2D-A658-387C78FC5DE0}.Debug|x86.ActiveCfg = Debug|Win32
		{BF0724EE-92C7-4C2D-A658-387C78FC5DE0}.Debug|x86.Build.0 = Debug|Win32
		{BF0724EE-92C7-4C2D-A658-387C78FC5DE0}.Release|x64.ActiveCfg = Release|x64
		{BF0724EE-92C7-4C2D-A658-387C78FC5DE0}.Release|x64.Build.0 = Release|x64
		{BF0724EE-92C7-4C2D-A658-387C78FC5DE0}.Release|x86.ActiveCfg = Release|Win32
		{BF0724EE-92C7-4C2D-A658-387C78FC5DE0}.Release|x86.Build.0 = Release|Win32
		{F22A5C59-2122-4B58-8B0B-FF83E8CF9F86}.Debug|x64.ActiveCfg = Debug|x64
		{F22A5C59-2122-4B58-8B0B-FF83E8CF9F86}.Debug|x64.Build.0 = Debug|x64
		{F22A5C59-2122-4B58-8B0B-FF83E8CF9F86}.Debug|x86.ActiveCfg = Debug|Win32
		{F22A5C59-2122-4B58-8B0B-FF83E8CF9F86}.Debug|x86.Build.0 = Debug|Win32
		{F22A5C59-2122-4B58-8B0B-FF83E8CF9F86}.Release|x64.ActiveCfg = Release|x64
		{F22A5C59-2122-4B58-8B0B-FF83E8CF9F86}.Release|x64.Build.0 = Release|x64
		{F22A5C59-2122-4B58-8B0B-FF83E8CF9F86}.Release|x86.ActiveCfg = Release|Win32
		{F22A5C59-2122-4B58-8B0B-FF83E8CF9F86}.Release|x86.Build.0 = Release|Win32
		{1BB605DA-A3E2-4E59-A96F-5597CBF05DF8}.Debug|x64.ActiveCfg = Debug|x64
		{1BB605DA-A3E2-4E59-A96F-5597CBF05DF8}.Debug|x64.Build.0 = Debug|x64
		{1BB605DA-A3E2-4E59-A96F-5597CBF05DF8}.Debug|x86.ActiveCfg = Debug|Win32
		{1BB605DA-A3E2-4E59-A96F-5597CBF05DF8}.Debug|x86.Build.0 = Debug|Win32
		{1BB605DA-A3E2-4E59-A96F-5597CBF05DF8}.Release|x64.ActiveCfg = Release|x64
		{1BB605DA-A3E2-4E59-A96F-5597CBF05DF8}.Release|x64.Build.0 = Release|x64
		{1BB605DA-A3E2-4E59-A96F-5597CBF05DF8}.Release|x86.ActiveCfg = Release|Win32
		{1BB605DA-A3E2-4E59-A96F-5597CBF05DF8}.Release|x86.Build.0 = Release|Win32
		{2EEBE7D1-EC84-4424-9E56-F48A260E2D62}.Debug|x64.ActiveCfg = Debug|x64
		{2EEBE7D1-EC84-4424-9E56-F48A260E2D62}.Debug|x64.Build.0 = Debug|x64
		{2EEBE7D1-EC84-4424-9E56-F48A260E2D62}.Debug|x86.ActiveCfg = Debug|Win32
		{2EEBE7D1-EC84-4424-9E56-F48A260E2D62}.Debug|x86.Build.0 = Debug|Win32
		{2EEBE7D1-EC84-4424-9E56-F48A260E2D62}.Release|x64.ActiveCfg = Release|x64
		{2EEBE7D1-EC84-4424-9E56-F48A260E2D62}.Release|x64.Build.0 = Release|x64
		{2EEBE7D1-EC84-4424-9E56-F48A260E2D62}.Release|x86.ActiveCfg = Release|Win32
		{2EEBE7D1-EC84-4424-9E56-F48A260E2D62}.Release|x86.Build.0 = Release|Win32
		{3CE684C2-FACB-4CD7-9EE8-76D6AE41A6BB}.Debug|x64.ActiveCfg = Debug|x64
		{3CE684C2-FACB-4CD7-9EE8-76D6AE41A6BB}.Debug|x64.Build.0 = Debug|x64
		{3CE684C2-FACB-4CD7-9EE8-76D6AE41A6BB}.Debug|x86.ActiveCfg = Debug|Win32
		{3CE684C2-FACB-4CD7-9EE8-76D6AE41A6BB}.Debug|x86.Build.0 = Debug|Win32
		{3CE684C2-FACB-4CD7-9EE8-76D6AE41A6BB}.Release|x64.ActiveCfg = Release|x64
		{3CE684C2-FACB-4CD7-9EE8-76D6AE41A6BB}.Release|x64.Build.0 = Release|x64
		{3CE684C2-FACB-4CD7-9EE8-76D6AE41A6BB}.Release|x86.ActiveCfg = Release|Win32
		{3CE684C2-FACB-4CD7-9EE8-76D6AE41A6BB}.Release|x86.Build.0 = Release|Win32
		{BFF0EFB5-0B68-40F5-AEA5-EFE6F9FD3C5F}.Debug|x64.ActiveCfg = Debug|x64
		{BFF0EFB5-0B68-40F5-AEA5-EFE6F9FD3C5F}.Debug|x64.Build.0 = Debug|x64
		{BFF0EFB5-0B68-40F5-AEA5-EFE6F9FD3C5F}.Debug|x86.ActiveCfg = Debug|Win32
		{BFF0EFB5-0B68-40F5-AEA5-EFE6F9FD3C5F}.Debug|x86.Build.0 = Debug|Win32
		{BFF0EFB5-0B68-40F5-AEA5-EFE6F9FD3C5F}.Release|x64.ActiveCfg = Release|x64
		{BFF0EFB5-0B68-40F5-AEA5-EFE6F9FD3C5F}.Release|x64.Build.0 = Release|x64
		{BFF0EFB5-0B68-40F5-AEA5-EFE6F9FD3C5F}.Release|x86.ActiveCfg = Release|Win32
		{BFF0EFB5-0B68-40F5-AEA5-EFE6F9FD3C5F}.Release|x86.Build.0 = Release|Win32
		{38EBF0AF-A011-4D4C-AD7E-8825ADBF2398}.Debug|x64.ActiveCfg = Debug|x64
		{38EBF0AF-A011-4D4C-AD7E-8825ADBF2398}.Debug|x64.Build.0 = Debug|x64
		{38EBF0AF-A011-4D4C-AD7E-8825ADBF2398}.Debug|x86.ActiveCfg = Debug|Win32
		{38EBF0AF-A011-4D4C-AD7E-8825ADBF2398}.Debug|x86.Build.0 = Debug|Win32
		{38EBF0AF-A011-4D4C-AD7E-8825ADBF2398}.Release|x64.ActiveCfg = Release|x64
		{38EBF0AF-A011-4D4C-AD7E-8825ADBF2398}.Release|x64.Build.0 = Release|x64
		{38EBF0AF-A011-4D4C-AD7E-8825ADBF2398}.Release|x86.ActiveCfg = Release|Win32
		{38EBF0AF-A011-4D4C-AD7E-8825ADBF2398}.Release|x86.Build.0 = Release|Win32
		{ABA0B152-A17B-4D5D-BA8C-BFBB4DB06741}.Debug|x64.ActiveCfg = Debug|x64
		{ABA0B152-A17B-4D5D-BA8C-BFBB4DB06741}.Debug|x64.Build.0 = Debug|x64
		{ABA0B152-A17B-4D5D-BA8C-BFBB4DB06741}.Debug|x86.ActiveCfg = Debug|Win32
		{ABA0B152-A17B-4D5D-BA8C-BFBB4DB06741}.Debug|x86.Build.0 = Debug|Win32
		{ABA0B152-A17B-4D5D-BA8C-BFBB4DB06741}.Release|x64.ActiveCfg = Release|x64
		{ABA0B152-A17B-4D5D-BA8C-BFBB4DB06741}.Release|x64.Build.0 = Release|x64
		{ABA0B152-A17B-4D5D-BA8C-BFBB4DB06741}.Release|x86.ActiveCfg = Release|Win32
		{ABA0B152-A17B-4D5D-BA8C-BFBB4DB06741}.Release|x86.Build.0 = Release|Win32
		{10BACF1A-F824-44BF-B257-A241C66690BC}.Debug|x64.ActiveCfg = Debug|x64
		{10BACF1A-F824-44BF-B257-A241C66690BC}.Debug|x64.Build.0 = Debug|x64
		{10BACF1A-F824-44BF-B257-A241C66690BC}.Debug|x86.ActiveCfg = Debug|Win32
		{10BACF1A-F824-44BF-B257-A241C66690BC}.Debug|x86.Build.0 = Debug|Win32
		{10BACF1A-F824-44BF-B257-A241C66690BC}.Release|x64.ActiveCfg = Release|x64
		{10BACF1A-F824-44BF-B257-A241C66690BC}.Release|x64.Build.0 = Release|x64
		{10BACF1A-F824-44BF-B257-A241C66690BC}.Release|x86.ActiveCfg = Release|Win32
		{10BACF1A-F824-44BF-B257-A241C66690BC}.Release|x86.Build.0 = Release|Win32
		{8E9344FB-BCFE-4C99-9515-EC8338F146EB}.Debug|x64.ActiveCfg = Debug|x64
		{8E9344FB-BCFE-4C99-9515-EC8338F146EB}.Debug|x64.Build.0 = Debug|x64
		{8E9344FB-BCFE-4C99-9515-EC8338F146EB}.Debug|x86.ActiveCfg = Debug|Win32
		{8E9344FB-BCFE-4C99-9515-EC8338F146EB}.Debug|x86.Build.0 = Debug|Win32
		{8E9344FB-BCFE-4C99-9515-EC8338F146EB}.Release|x64.ActiveCfg = Release|x64
		{8E9344FB-BCFE-4C99-9515-EC8338F146EB}.Release|x64.Build.0 = Release|x64
		{8E9344FB-BCFE-4C99-9515-EC8338F146EB}.Release|x86.ActiveCfg = Release|Win32
		{8E9344FB-BCFE-4C99-9515-EC8338F146EB}.Release|x86.Build.0 = Release|Win32
		{5DA53B3E-8FB5-46D4-B519-949CA076575B}.Debug|x64.ActiveCfg = Debug|x64
		{5DA53B3E-8FB5-46D4-B519-949CA076575B}.Debug|x64.Build.0 = Debug|x64
		{5DA53B3E-8FB5-46D4-B519-949CA076575B}.Debug|x86.ActiveCfg = Debug|Win32
		{5DA53B3E-8FB5-46D4-B519-949CA076575B}.Debug|x86.Build.0 = Debug|Win32
		{5DA53B3E-8FB5-46D4-B519-949CA076575B}.Release|x64.ActiveCfg = Release|x64
		{5DA53B3E-8FB5-46D4-B519-949CA076575B}.Release|x64.Build.0 = Release|x64
		{5DA53B3E-8FB5-46D4-B519-949CA076575B}.Release|x86.ActiveCfg = Release|Win32
		{5DA53B3E-8FB5-46D4-B519-949CA076575B}.Release|x86.Build.0 = Release|Win32
		{BF09A0C6-4D67-4C3F-9EC2-400D1432E8D7}.Debug|x64.ActiveCfg = Debug|x64
		{BF09A0C6-4D67-4C3F-9EC2-400D1432E8D7}.Debug|x64.Build.0 = Debug|x64
		{BF09A0C6-4D67-4C3F-9EC2-400D1432E8D7}.Debug|x86.ActiveCfg = Debug|Win32
		{BF09A0C6-4D67-4C3F-9EC2-400D1432E8D7}.Debug|x86.Build.0 = Debug|Win32
		{BF09A0C6-4D67-4C3F-9EC2-400D1432E8D7}.Release|x64.ActiveCfg = Release|x64
		{BF09A0C6-4D67-4C3F-9EC2-400D1432E8D7}.Release|x64.Build.0 = Release|x64
		{BF09A0C6-4D67-4C3F-9EC2-400D1432E8D7}.Release|x86.ActiveCfg = Release|Win32
		{BF09A0C6-4D67-4C3F-9EC2-400D1432E8D7}.Release|x86.Build.0 = Release|Win32
		{511FCA6F-974D-45CA-A2F3-9F5496084FA3}.Debug|x64.ActiveCfg = Debug|x64
		{511FCA6F-974D-45CA-A2F3-9F5496084FA3}.Debug|x64.Build.0 = Debug|x64
		{511FCA6F-974D-45CA-A2F3-9F5496084FA3}.Debug|x86.ActiveCfg = Debug|Win32
		{511FCA6F-974D-45CA-A2F3-9F5496084FA3}.Debug|x86.Build.0 = Debug|Win32
		{511FCA6F-974D-45CA-A2F3-9F5496084FA3}.Release|x64.ActiveCfg = Release|x64
		{511FCA6F-974D-45CA-A2F3-9F5496084FA3}.Release|x64.Build.0 = Release|x64
		{511FCA6F-974D-45CA-A2F3-9F5496084FA3}.Release|x86.ActiveCfg = Release|Win32
		{511FCA6F-974D-45CA-A2F3-9F5496084FA3}.Release|x86.Build.0 = Release|Win32
		{19F7F490-0FF9-4472-AD92-C2DFA3C9CEED}.Debug|x64.ActiveCfg = Debug|x64
		{19F7F490-0FF9-4472-AD92-C2DFA3C9CEED}.Debug|x64.Build.0 = Debug|x64
		{19F7F490-0FF9-4472-AD92-C2DFA3C9CEED}.Debug|x86.ActiveCfg = Debug|Win32
		{19F7F490-0FF9-4472-AD92-C2DFA3C9CEED}.Debug|x86.Build.0 = Debug|Win32
		{19F7F490-0FF9-4472-AD92-C2DFA3C9CEED}.Release|x64.ActiveCfg = Release|x64
		{19F7F490-0FF9-4472-AD92-C2DFA3C9CEED}.Release|x64.Build.0 = Release|x64
		{19F7F490-0FF9-4472-AD92-C2DFA3C9CEED}.Release|x86.ActiveCfg = Release|Win32
		{19F7F490-0FF9-4472-AD92-C2DFA3C9CEED}.Release|x86.Build.0 = Release|Win32
		{C34D9109-9E8E-4296-8B2F-BE6FA4811C29}.Debug|x64.ActiveCfg = Debug|x64
		{C34D9109-9E8E-4296-8B2F-BE6FA4811C29}.Debug|x64.Build.0 = Debug|x64
		{C34D9109-9E8E-4296-8B2F-BE6FA4811C29}.Debug|x86.ActiveCfg = Debug|Win32
		{C34D9109-9E8E-4296-8B2F-BE6FA4811C29}.Debug|x86.Build.0 = Debug|Win32
		{C34D9109-9E8E-4296-8B2F-BE6FA4811C29}.Release|x64.ActiveCfg = Release|x64
		{C34D9109-9E8E-4296-8B2F-BE6FA4811C29}.Release|x64.Build.0 = Release|x64
		{C34D9109-9E8E-4296-8B2F-BE6FA4811C29}.Release|x86.ActiveCfg = Release|Win32
		{C34D9109-9E8E-4296-8B2F-BE6FA4811C29}.Release|x86.Build.0 = Release|Win32
		{B9C7A04F-9D84-4FEB-A1DB-BE7D37F2C9EB}.Debug|x64.ActiveCfg = Debug|x64
		{B9C7A04F-9D84-4FEB-A1DB-BE7D37F2C9EB}.Debug|x64.Build.0 = Debug|x64
		{B9C7A04F-9D84-4FEB-A1DB-BE7D37F2C9EB}.Debug|x86.ActiveCfg = Debug|Win32
		{B9C7A04F-9D84-4FEB-A1DB-BE7D37F2C9EB}.Debug|x86.Build.0 = Debug|Win32
		{B9C7A04F-9D84-4FEB-A1DB-BE7D37F2C9EB}.Release|x64.ActiveCfg = Release|x64
		{B9C7A04F-9D84-4FEB-A1DB-BE7D37F2C9EB}.Release|x64.Build.0 = Release|x64
		{B9C7A04F-9D84-4FEB-A1DB-BE7D37F2C9EB}.Release|x86.ActiveCfg = Release|Win32
		{B9C7A04F-9D84-4FEB-A1DB-BE7D37F2C9EB}.Release|x86.Build.0 = Release|Win32
		{6353D3D5-A51E-4253-BBB4-0E8A45AC3324}.Debug|x64.ActiveCfg = Debug|x64
		{6353D3D5-A51E-4253-BBB4-0E8A45AC3324}.Debug|x64.Build.0 = Debug|x64
		{6353D3D5-A51E-4253-BBB4-0E8A45AC3324}.Debug|x86.ActiveCfg = Debug|Win32
		{6353D3D5-A51E-4253-BBB4-0E8A45AC3324}.Debug|x86.Build.0 = Debug|Win32
		{6353D3D5-A51E-4253-BBB4-0E8A45AC3324}.Release|x64.ActiveCfg = Release|x64
		{6353D3D5-A51E-4253-BBB4-0E8A45AC3324}.Release|x64.Build.0 = Release|x64
		{6353D3D5-A51E-4253-BBB4-0E8A45AC3324}.Release|x86.ActiveCfg = Release|Win32
		{6353D3D5-A51E-4253-BBB4-0E8A45AC3324}.Release|x86.Build.0 = Release|Win32
		{2A224026-AD16-4B50-94DF-6E932E7C4966}.Debug|x64.ActiveCfg = Debug|x64
		{2A224026-AD16-4B50-94DF-6E932E7C4966}.Debug|x64.Build.0 = Debug|x64
		{2A224026-AD16-4B50-94DF-6E932E7C4966}.Debug|x86.ActiveCfg = Debug|Win32
		{2A224026-AD16-4B50-94DF-6E932E7C4966}.Debug|x86.Build.0 = Debug|Win32
		{2A224026-AD16-4B50-94DF-6E932E7C4966}.Release|x64.ActiveCfg = Release|x64
		{2A224026-AD16-4B50-94DF-6E932E7C4966}.Release|x64.Build.0 = Release|x64
		{2A224026-AD16-4B50-94DF-6E932E7C4966}.Release|x86.ActiveCfg = Release|Win32
		{2A224026-AD16-4B50-94DF-6E932E7C4966}.Release|x86.Build.0 = Release|Win32
		{E58ECC26-E23D-4FFF-8CB9-87BB471CDBF8}.Debug|x64.ActiveCfg = Debug|x64
		{E58ECC26-E23D-4FFF-8CB9-87BB471CDBF8}.Debug|x64.Build.0 = Debug|x64
		{E58ECC26-E23D-4FFF-8CB9-87BB471CDBF8}.Debug|x86.ActiveCfg = Debug|Win32
		{E58ECC26-E23D-4FFF-8CB9-87BB471CDBF8}.Debug|x86.Build.0 = Debug|Win32
		{E58ECC26-E23D-4FFF-8CB9-87BB471CDBF8}.Release|x64.ActiveCfg = Release|x64
		{E58ECC26-E23D-4FFF-8CB9-87BB471CDBF8}.Release|x64.Build.0 = Release|x64
		{E58ECC26-E23D-4FFF-8CB9-87BB471CDBF8}.Release|x86.ActiveCfg = Release|Win32
		{E58ECC26-E23D-4FFF-8CB9-87BB471CDBF8}.Release|x86.Build.0 = Release|Win32
		{40228775-7C6B-4A77-B407-32FD4C04EA58}.Debug|x64.ActiveCfg = Debug|x64
		{40228775-7C6B-4A77-B407-32FD4C04EA58}.Debug|x64.Build.0 = Debug|x64
		{40228775-7C6B-4A77-B407-32FD4C04EA58}.Debug|x86.ActiveCfg = Debug|Win32
		{40228775-7C6B-4A77-B407-32FD4C04EA58}.Debug|x86.Build.0 = Debug|Win32
		{40228775-7C6B-4A77-B407-32FD4C04EA58}.Release|x64.ActiveCfg = Release|x64
		{40228775-7C6B-4A77-B407-32FD4C04EA58}.Release|x64.Build.0 = Release|x64
		{40228775-7C6B-4A77-B407-32FD4C04EA58}.Release|x86.ActiveCfg = Release|Win32
		{40228775-7C6B-4A77-B407-32FD4C04EA58}.Release|x86.Build.0 = Release|Win32
	EndGlobalSection
	GlobalSection(SolutionProperties) = preSolution
		HideSolutionNode = FALSE
	EndGlobalSection
EndGlobal
